
Microsoft Visual Studio Solution File, Format Version 12.00
# Visual Studio 15
VisualStudioVersion = 15.0.28307.271
MinimumVisualStudioVersion = 10.0.40219.1
Project("{FAE04EC0-301F-11D3-BF4B-00C04F79EFBC}") = "UROLOJI", "UROLOJI\UROLOJI.csproj", "{7CF49CA8-424C-4DE9-9E95-E3FCFD196530}"
EndProject
Global
	GlobalSection(SolutionConfigurationPlatforms) = preSolution
		Debug|Any CPU = Debug|Any CPU
		Release|Any CPU = Release|Any CPU
	EndGlobalSection
	GlobalSection(ProjectConfigurationPlatforms) = postSolution
		{7CF49CA8-424C-4DE9-9E95-E3FCFD196530}.Debug|Any CPU.ActiveCfg = Debug|Any CPU
		{7CF49CA8-424C-4DE9-9E95-E3FCFD196530}.Debug|Any CPU.Build.0 = Debug|Any CPU
		{7CF49CA8-424C-4DE9-9E95-E3FCFD196530}.Release|Any CPU.ActiveCfg = Release|Any CPU
		{7CF49CA8-424C-4DE9-9E95-E3FCFD196530}.Release|Any CPU.Build.0 = Release|Any CPU
	EndGlobalSection
	GlobalSection(SolutionProperties) = preSolution
		HideSolutionNode = FALSE
	EndGlobalSection
	GlobalSection(ExtensibilityGlobals) = postSolution
		SolutionGuid = {C6A43D42-BCE5-43A4-A4F1-1E738BA60D5D}
	EndGlobalSection
EndGlobal
